
Microsoft Visual Studio Solution File, Format Version 12.00
# Visual Studio Version 17
VisualStudioVersion = 17.9.34607.119
MinimumVisualStudioVersion = 10.0.40219.1
Project("{9A19103F-16F7-4668-BE54-9A1E7A4F7556}") = "DiGi.Geometry", "DiGi.Geometry\DiGi.Geometry.csproj", "{67875B14-2CF9-4BF0-9D6A-7BB49752E241}"
EndProject
Project("{FAE04EC0-301F-11D3-BF4B-00C04F79EFBC}") = "DiGi.Geometry.Object", "DiGi.Geometry.Object\DiGi.Geometry.Object.csproj", "{664308F3-7970-43AA-A810-D11235CD6A32}"
EndProject
Project("{FAE04EC0-301F-11D3-BF4B-00C04F79EFBC}") = "DiGi.Geometry.Drawing", "DiGi.Geometry.Drawing\DiGi.Geometry.Drawing.csproj", "{22B02904-5F78-4F6A-93A7-6DAABDC09CDE}"
EndProject
Project("{2150E333-8FDC-42A3-9474-1A3956D46DE8}") = "Solution Items", "Solution Items", "{8EC462FD-D22E-90A8-E5CE-7E832BA40C5D}"
	ProjectSection(SolutionItems) = preProject
		Directory.Build.props = Directory.Build.props
	EndProjectSection
EndProject
Global
	GlobalSection(SolutionConfigurationPlatforms) = preSolution
		Debug|Any CPU = Debug|Any CPU
		Release|Any CPU = Release|Any CPU
	EndGlobalSection
	GlobalSection(ProjectConfigurationPlatforms) = postSolution
		{67875B14-2CF9-4BF0-9D6A-7BB49752E241}.Debug|Any CPU.ActiveCfg = Debug|Any CPU
		{67875B14-2CF9-4BF0-9D6A-7BB49752E241}.Debug|Any CPU.Build.0 = Debug|Any CPU
		{67875B14-2CF9-4BF0-9D6A-7BB49752E241}.Release|Any CPU.ActiveCfg = Release|Any CPU
		{67875B14-2CF9-4BF0-9D6A-7BB49752E241}.Release|Any CPU.Build.0 = Release|Any CPU
		{664308F3-7970-43AA-A810-D11235CD6A32}.Debug|Any CPU.ActiveCfg = Debug|Any CPU
		{664308F3-7970-43AA-A810-D11235CD6A32}.Debug|Any CPU.Build.0 = Debug|Any CPU
		{664308F3-7970-43AA-A810-D11235CD6A32}.Release|Any CPU.ActiveCfg = Release|Any CPU
		{664308F3-7970-43AA-A810-D11235CD6A32}.Release|Any CPU.Build.0 = Release|Any CPU
		{22B02904-5F78-4F6A-93A7-6DAABDC09CDE}.Debug|Any CPU.ActiveCfg = Debug|Any CPU
		{22B02904-5F78-4F6A-93A7-6DAABDC09CDE}.Debug|Any CPU.Build.0 = Debug|Any CPU
		{22B02904-5F78-4F6A-93A7-6DAABDC09CDE}.Release|Any CPU.ActiveCfg = Release|Any CPU
		{22B02904-5F78-4F6A-93A7-6DAABDC09CDE}.Release|Any CPU.Build.0 = Release|Any CPU
	EndGlobalSection
	GlobalSection(SolutionProperties) = preSolution
		HideSolutionNode = FALSE
	EndGlobalSection
	GlobalSection(ExtensibilityGlobals) = postSolution
		SolutionGuid = {8FB0D250-4EC9-4B6C-9324-ACEEB4B21C75}
	EndGlobalSection
EndGlobal
